// !$*UTF8*$!
{
	archiveVersion = 1;
	classes = {
	};
	objectVersion = 46;
	objects = {

/* Begin PBXBuildFile section */
		4D9469131AA58E1E007297AC /* AppDelegate.swift in Sources */ = {isa = PBXBuildFile; fileRef = 4D9469121AA58E1E007297AC /* AppDelegate.swift */; };
		4D9469161AA58E1E007297AC /* CookTimer2.xcdatamodeld in Sources */ = {isa = PBXBuildFile; fileRef = 4D9469141AA58E1E007297AC /* CookTimer2.xcdatamodeld */; };
		4D9469181AA58E1E007297AC /* ViewController.swift in Sources */ = {isa = PBXBuildFile; fileRef = 4D9469171AA58E1E007297AC /* ViewController.swift */; };
		4D94691B1AA58E1E007297AC /* Main.storyboard in Resources */ = {isa = PBXBuildFile; fileRef = 4D9469191AA58E1E007297AC /* Main.storyboard */; };
		4D94691D1AA58E1E007297AC /* Images.xcassets in Resources */ = {isa = PBXBuildFile; fileRef = 4D94691C1AA58E1E007297AC /* Images.xcassets */; };
		4D9469201AA58E1E007297AC /* LaunchScreen.xib in Resources */ = {isa = PBXBuildFile; fileRef = 4D94691E1AA58E1E007297AC /* LaunchScreen.xib */; };
		4D94692C1AA58E1E007297AC /* CookTimer2Tests.swift in Sources */ = {isa = PBXBuildFile; fileRef = 4D94692B1AA58E1E007297AC /* CookTimer2Tests.swift */; };
		4D94695A1AA59760007297AC /* MovieViewController.swift in Sources */ = {isa = PBXBuildFile; fileRef = 4D9469591AA59760007297AC /* MovieViewController.swift */; };
		4DD3B66D1AA5BCD7007D3550 /* WE030034_02_1280.jpg in Resources */ = {isa = PBXBuildFile; fileRef = 4DD3B66C1AA5BCD7007D3550 /* WE030034_02_1280.jpg */; };
		4DD3B66F1AA5C9DA007D3550 /* うどん２-1.png in Resources */ = {isa = PBXBuildFile; fileRef = 4DD3B66E1AA5C9DA007D3550 /* うどん２-1.png */; };
		4DD3B6711AA5DEAB007D3550 /* Movie2ViewController.swift in Sources */ = {isa = PBXBuildFile; fileRef = 4DD3B6701AA5DEAB007D3550 /* Movie2ViewController.swift */; };
		4DD3B6731AA5DECB007D3550 /* Movie3ViewController.swift in Sources */ = {isa = PBXBuildFile; fileRef = 4DD3B6721AA5DECB007D3550 /* Movie3ViewController.swift */; };
		4DD3B6751AA5DEE5007D3550 /* Movie4ViewController.swift in Sources */ = {isa = PBXBuildFile; fileRef = 4DD3B6741AA5DEE5007D3550 /* Movie4ViewController.swift */; };
		4DD3B6771AA5DF03007D3550 /* Movie5ViewController.swift in Sources */ = {isa = PBXBuildFile; fileRef = 4DD3B6761AA5DF03007D3550 /* Movie5ViewController.swift */; };
		4DD3B6791AA5DF2B007D3550 /* Movie6ViewController.swift in Sources */ = {isa = PBXBuildFile; fileRef = 4DD3B6781AA5DF2B007D3550 /* Movie6ViewController.swift */; };
		4DD3B67B1AA738A4007D3550 /* つぎへ.png in Resources */ = {isa = PBXBuildFile; fileRef = 4DD3B67A1AA738A4007D3550 /* つぎへ.png */; };
		4DE317621AA5B839001FD03D /* WE020119_02_1280.jpg in Resources */ = {isa = PBXBuildFile; fileRef = 4DE317541AA5B839001FD03D /* WE020119_02_1280.jpg */; };
		4DE317631AA5B839001FD03D /* WE030183_02_1280.jpg in Resources */ = {isa = PBXBuildFile; fileRef = 4DE317551AA5B839001FD03D /* WE030183_02_1280.jpg */; };
		4DE317641AA5B839001FD03D /* うどん 18-31-58-126.png in Resources */ = {isa = PBXBuildFile; fileRef = 4DE317561AA5B839001FD03D /* うどん 18-31-58-126.png */; };
		4DE317651AA5B839001FD03D /* うどん-２ 18-31-58-137.png in Resources */ = {isa = PBXBuildFile; fileRef = 4DE317571AA5B839001FD03D /* うどん-２ 18-31-58-137.png */; };
		4DE317661AA5B839001FD03D /* うどん２ 18-31-58-131.png in Resources */ = {isa = PBXBuildFile; fileRef = 4DE317581AA5B839001FD03D /* うどん２ 18-31-58-131.png */; };
		4DE317671AA5B839001FD03D /* カップラーメン 18-31-58-036.png in Resources */ = {isa = PBXBuildFile; fileRef = 4DE317591AA5B839001FD03D /* カップラーメン 18-31-58-036.png */; };
		4DE317681AA5B839001FD03D /* タイトルに戻る.png in Resources */ = {isa = PBXBuildFile; fileRef = 4DE3175A1AA5B839001FD03D /* タイトルに戻る.png */; };
		4DE317691AA5B839001FD03D /* ボタン１ 18-31-58-129.jpg in Resources */ = {isa = PBXBuildFile; fileRef = 4DE3175B1AA5B839001FD03D /* ボタン１ 18-31-58-129.jpg */; };
		4DE3176A1AA5B839001FD03D /* ボタン２ 18-31-58-174.jpg in Resources */ = {isa = PBXBuildFile; fileRef = 4DE3175C1AA5B839001FD03D /* ボタン２ 18-31-58-174.jpg */; };
		4DE3176B1AA5B839001FD03D /* ボタン３ 18-31-58-200.jpg in Resources */ = {isa = PBXBuildFile; fileRef = 4DE3175D1AA5B839001FD03D /* ボタン３ 18-31-58-200.jpg */; };
		4DE3176C1AA5B839001FD03D /* ラーメン 16.32.00 18-31-58-198.png in Resources */ = {isa = PBXBuildFile; fileRef = 4DE3175E1AA5B839001FD03D /* ラーメン 16.32.00 18-31-58-198.png */; };
		4DE3176D1AA5B839001FD03D /* 店完成２ 18-31-58-134.png in Resources */ = {isa = PBXBuildFile; fileRef = 4DE3175F1AA5B839001FD03D /* 店完成２ 18-31-58-134.png */; };
		4DE3176E1AA5B839001FD03D /* 猫 18-31-58-202.png in Resources */ = {isa = PBXBuildFile; fileRef = 4DE317601AA5B839001FD03D /* 猫 18-31-58-202.png */; };
		4DE3176F1AA5B839001FD03D /* 文字 18-31-58-189.png in Resources */ = {isa = PBXBuildFile; fileRef = 4DE317611AA5B839001FD03D /* 文字 18-31-58-189.png */; };
/* End PBXBuildFile section */

/* Begin PBXContainerItemProxy section */
		4D9469261AA58E1E007297AC /* PBXContainerItemProxy */ = {
			isa = PBXContainerItemProxy;
			containerPortal = 4D9469051AA58E1E007297AC /* Project object */;
			proxyType = 1;
			remoteGlobalIDString = 4D94690C1AA58E1E007297AC;
			remoteInfo = CookTimer2;
		};
/* End PBXContainerItemProxy section */

/* Begin PBXFileReference section */
		4D94690D1AA58E1E007297AC /* CookTimer2.app */ = {isa = PBXFileReference; explicitFileType = wrapper.application; includeInIndex = 0; path = CookTimer2.app; sourceTree = BUILT_PRODUCTS_DIR; };
		4D9469111AA58E1E007297AC /* Info.plist */ = {isa = PBXFileReference; lastKnownFileType = text.plist.xml; path = Info.plist; sourceTree = "<group>"; };
		4D9469121AA58E1E007297AC /* AppDelegate.swift */ = {isa = PBXFileReference; lastKnownFileType = sourcecode.swift; path = AppDelegate.swift; sourceTree = "<group>"; };
		4D9469151AA58E1E007297AC /* CookTimer2.xcdatamodel */ = {isa = PBXFileReference; lastKnownFileType = wrapper.xcdatamodel; path = CookTimer2.xcdatamodel; sourceTree = "<group>"; };
		4D9469171AA58E1E007297AC /* ViewController.swift */ = {isa = PBXFileReference; lastKnownFileType = sourcecode.swift; path = ViewController.swift; sourceTree = "<group>"; };
		4D94691A1AA58E1E007297AC /* Base */ = {isa = PBXFileReference; lastKnownFileType = file.storyboard; name = Base; path = Base.lproj/Main.storyboard; sourceTree = "<group>"; };
		4D94691C1AA58E1E007297AC /* Images.xcassets */ = {isa = PBXFileReference; lastKnownFileType = folder.assetcatalog; path = Images.xcassets; sourceTree = "<group>"; };
		4D94691F1AA58E1E007297AC /* Base */ = {isa = PBXFileReference; lastKnownFileType = file.xib; name = Base; path = Base.lproj/LaunchScreen.xib; sourceTree = "<group>"; };
		4D9469251AA58E1E007297AC /* CookTimer2Tests.xctest */ = {isa = PBXFileReference; explicitFileType = wrapper.cfbundle; includeInIndex = 0; path = CookTimer2Tests.xctest; sourceTree = BUILT_PRODUCTS_DIR; };
		4D94692A1AA58E1E007297AC /* Info.plist */ = {isa = PBXFileReference; lastKnownFileType = text.plist.xml; path = Info.plist; sourceTree = "<group>"; };
		4D94692B1AA58E1E007297AC /* CookTimer2Tests.swift */ = {isa = PBXFileReference; lastKnownFileType = sourcecode.swift; path = CookTimer2Tests.swift; sourceTree = "<group>"; };
		4D9469591AA59760007297AC /* MovieViewController.swift */ = {isa = PBXFileReference; fileEncoding = 4; lastKnownFileType = sourcecode.swift; path = MovieViewController.swift; sourceTree = "<group>"; };
		4DD3B66C1AA5BCD7007D3550 /* WE030034_02_1280.jpg */ = {isa = PBXFileReference; lastKnownFileType = image.jpeg; path = WE030034_02_1280.jpg; sourceTree = "<group>"; };
		4DD3B66E1AA5C9DA007D3550 /* うどん２-1.png */ = {isa = PBXFileReference; lastKnownFileType = image.png; path = "うどん２-1.png"; sourceTree = "<group>"; };
		4DD3B6701AA5DEAB007D3550 /* Movie2ViewController.swift */ = {isa = PBXFileReference; fileEncoding = 4; lastKnownFileType = sourcecode.swift; path = Movie2ViewController.swift; sourceTree = "<group>"; };
		4DD3B6721AA5DECB007D3550 /* Movie3ViewController.swift */ = {isa = PBXFileReference; fileEncoding = 4; lastKnownFileType = sourcecode.swift; path = Movie3ViewController.swift; sourceTree = "<group>"; };
		4DD3B6741AA5DEE5007D3550 /* Movie4ViewController.swift */ = {isa = PBXFileReference; fileEncoding = 4; lastKnownFileType = sourcecode.swift; path = Movie4ViewController.swift; sourceTree = "<group>"; };
		4DD3B6761AA5DF03007D3550 /* Movie5ViewController.swift */ = {isa = PBXFileReference; fileEncoding = 4; lastKnownFileType = sourcecode.swift; path = Movie5ViewController.swift; sourceTree = "<group>"; };
		4DD3B6781AA5DF2B007D3550 /* Movie6ViewController.swift */ = {isa = PBXFileReference; fileEncoding = 4; lastKnownFileType = sourcecode.swift; path = Movie6ViewController.swift; sourceTree = "<group>"; };
		4DD3B67A1AA738A4007D3550 /* つぎへ.png */ = {isa = PBXFileReference; lastKnownFileType = image.png; path = "つぎへ.png"; sourceTree = "<group>"; };
		4DE317541AA5B839001FD03D /* WE020119_02_1280.jpg */ = {isa = PBXFileReference; lastKnownFileType = image.jpeg; path = WE020119_02_1280.jpg; sourceTree = "<group>"; };
		4DE317551AA5B839001FD03D /* WE030183_02_1280.jpg */ = {isa = PBXFileReference; lastKnownFileType = image.jpeg; path = WE030183_02_1280.jpg; sourceTree = "<group>"; };
		4DE317561AA5B839001FD03D /* うどん 18-31-58-126.png */ = {isa = PBXFileReference; lastKnownFileType = image.png; path = "うどん 18-31-58-126.png"; sourceTree = "<group>"; };
		4DE317571AA5B839001FD03D /* うどん-２ 18-31-58-137.png */ = {isa = PBXFileReference; lastKnownFileType = image.png; path = "うどん-２ 18-31-58-137.png"; sourceTree = "<group>"; };
		4DE317581AA5B839001FD03D /* うどん２ 18-31-58-131.png */ = {isa = PBXFileReference; lastKnownFileType = image.png; path = "うどん２ 18-31-58-131.png"; sourceTree = "<group>"; };
		4DE317591AA5B839001FD03D /* カップラーメン 18-31-58-036.png */ = {isa = PBXFileReference; lastKnownFileType = image.png; path = "カップラーメン 18-31-58-036.png"; sourceTree = "<group>"; };
		4DE3175A1AA5B839001FD03D /* タイトルに戻る.png */ = {isa = PBXFileReference; lastKnownFileType = image.png; path = "タイトルに戻る.png"; sourceTree = "<group>"; };
		4DE3175B1AA5B839001FD03D /* ボタン１ 18-31-58-129.jpg */ = {isa = PBXFileReference; lastKnownFileType = image.jpeg; path = "ボタン１ 18-31-58-129.jpg"; sourceTree = "<group>"; };
		4DE3175C1AA5B839001FD03D /* ボタン２ 18-31-58-174.jpg */ = {isa = PBXFileReference; lastKnownFileType = image.jpeg; path = "ボタン２ 18-31-58-174.jpg"; sourceTree = "<group>"; };
		4DE3175D1AA5B839001FD03D /* ボタン３ 18-31-58-200.jpg */ = {isa = PBXFileReference; lastKnownFileType = image.jpeg; path = "ボタン３ 18-31-58-200.jpg"; sourceTree = "<group>"; };
		4DE3175E1AA5B839001FD03D /* ラーメン 16.32.00 18-31-58-198.png */ = {isa = PBXFileReference; lastKnownFileType = image.png; path = "ラーメン 16.32.00 18-31-58-198.png"; sourceTree = "<group>"; };
		4DE3175F1AA5B839001FD03D /* 店完成２ 18-31-58-134.png */ = {isa = PBXFileReference; lastKnownFileType = image.png; path = "店完成２ 18-31-58-134.png"; sourceTree = "<group>"; };
		4DE317601AA5B839001FD03D /* 猫 18-31-58-202.png */ = {isa = PBXFileReference; lastKnownFileType = image.png; path = "猫 18-31-58-202.png"; sourceTree = "<group>"; };
		4DE317611AA5B839001FD03D /* 文字 18-31-58-189.png */ = {isa = PBXFileReference; lastKnownFileType = image.png; path = "文字 18-31-58-189.png"; sourceTree = "<group>"; };
/* End PBXFileReference section */

/* Begin PBXFrameworksBuildPhase section */
		4D94690A1AA58E1E007297AC /* Frameworks */ = {
			isa = PBXFrameworksBuildPhase;
			buildActionMask = 2147483647;
			files = (
			);
			runOnlyForDeploymentPostprocessing = 0;
		};
		4D9469221AA58E1E007297AC /* Frameworks */ = {
			isa = PBXFrameworksBuildPhase;
			buildActionMask = 2147483647;
			files = (
			);
			runOnlyForDeploymentPostprocessing = 0;
		};
/* End PBXFrameworksBuildPhase section */

/* Begin PBXGroup section */
		4D9469041AA58E1E007297AC = {
			isa = PBXGroup;
			children = (
				4D94690F1AA58E1E007297AC /* CookTimer2 */,
				4D9469281AA58E1E007297AC /* CookTimer2Tests */,
				4D94690E1AA58E1E007297AC /* Products */,
			);
			sourceTree = "<group>";
		};
		4D94690E1AA58E1E007297AC /* Products */ = {
			isa = PBXGroup;
			children = (
				4D94690D1AA58E1E007297AC /* CookTimer2.app */,
				4D9469251AA58E1E007297AC /* CookTimer2Tests.xctest */,
			);
			name = Products;
			sourceTree = "<group>";
		};
		4D94690F1AA58E1E007297AC /* CookTimer2 */ = {
			isa = PBXGroup;
			children = (
				4D9469521AA59091007297AC /* image */,
				4D9469121AA58E1E007297AC /* AppDelegate.swift */,
				4D9469171AA58E1E007297AC /* ViewController.swift */,
				4D9469591AA59760007297AC /* MovieViewController.swift */,
				4DD3B6701AA5DEAB007D3550 /* Movie2ViewController.swift */,
				4DD3B6721AA5DECB007D3550 /* Movie3ViewController.swift */,
				4DD3B6741AA5DEE5007D3550 /* Movie4ViewController.swift */,
				4DD3B6761AA5DF03007D3550 /* Movie5ViewController.swift */,
				4DD3B6781AA5DF2B007D3550 /* Movie6ViewController.swift */,
				4D9469191AA58E1E007297AC /* Main.storyboard */,
				4D94691C1AA58E1E007297AC /* Images.xcassets */,
				4D94691E1AA58E1E007297AC /* LaunchScreen.xib */,
				4D9469141AA58E1E007297AC /* CookTimer2.xcdatamodeld */,
				4D9469101AA58E1E007297AC /* Supporting Files */,
			);
			path = CookTimer2;
			sourceTree = "<group>";
		};
		4D9469101AA58E1E007297AC /* Supporting Files */ = {
			isa = PBXGroup;
			children = (
				4D9469111AA58E1E007297AC /* Info.plist */,
			);
			name = "Supporting Files";
			sourceTree = "<group>";
		};
		4D9469281AA58E1E007297AC /* CookTimer2Tests */ = {
			isa = PBXGroup;
			children = (
				4D94692B1AA58E1E007297AC /* CookTimer2Tests.swift */,
				4D9469291AA58E1E007297AC /* Supporting Files */,
			);
			path = CookTimer2Tests;
			sourceTree = "<group>";
		};
		4D9469291AA58E1E007297AC /* Supporting Files */ = {
			isa = PBXGroup;
			children = (
				4D94692A1AA58E1E007297AC /* Info.plist */,
			);
			name = "Supporting Files";
			sourceTree = "<group>";
		};
		4D9469521AA59091007297AC /* image */ = {
			isa = PBXGroup;
			children = (
				4DD3B67A1AA738A4007D3550 /* つぎへ.png */,
				4DD3B66C1AA5BCD7007D3550 /* WE030034_02_1280.jpg */,
				4DE317541AA5B839001FD03D /* WE020119_02_1280.jpg */,
				4DE317551AA5B839001FD03D /* WE030183_02_1280.jpg */,
				4DE317561AA5B839001FD03D /* うどん 18-31-58-126.png */,
				4DE317571AA5B839001FD03D /* うどん-２ 18-31-58-137.png */,
				4DD3B66E1AA5C9DA007D3550 /* うどん２-1.png */,
				4DE317581AA5B839001FD03D /* うどん２ 18-31-58-131.png */,
				4DE317591AA5B839001FD03D /* カップラーメン 18-31-58-036.png */,
				4DE3175A1AA5B839001FD03D /* タイトルに戻る.png */,
				4DE3175B1AA5B839001FD03D /* ボタン１ 18-31-58-129.jpg */,
				4DE3175C1AA5B839001FD03D /* ボタン２ 18-31-58-174.jpg */,
				4DE3175D1AA5B839001FD03D /* ボタン３ 18-31-58-200.jpg */,
				4DE3175E1AA5B839001FD03D /* ラーメン 16.32.00 18-31-58-198.png */,
				4DE3175F1AA5B839001FD03D /* 店完成２ 18-31-58-134.png */,
				4DE317601AA5B839001FD03D /* 猫 18-31-58-202.png */,
				4DE317611AA5B839001FD03D /* 文字 18-31-58-189.png */,
			);
			name = image;
			sourceTree = "<group>";
		};
/* End PBXGroup section */

/* Begin PBXNativeTarget section */
		4D94690C1AA58E1E007297AC /* CookTimer2 */ = {
			isa = PBXNativeTarget;
			buildConfigurationList = 4D94692F1AA58E1E007297AC /* Build configuration list for PBXNativeTarget "CookTimer2" */;
			buildPhases = (
				4D9469091AA58E1E007297AC /* Sources */,
				4D94690A1AA58E1E007297AC /* Frameworks */,
				4D94690B1AA58E1E007297AC /* Resources */,
			);
			buildRules = (
			);
			dependencies = (
			);
			name = CookTimer2;
			productName = CookTimer2;
			productReference = 4D94690D1AA58E1E007297AC /* CookTimer2.app */;
			productType = "com.apple.product-type.application";
		};
		4D9469241AA58E1E007297AC /* CookTimer2Tests */ = {
			isa = PBXNativeTarget;
			buildConfigurationList = 4D9469321AA58E1E007297AC /* Build configuration list for PBXNativeTarget "CookTimer2Tests" */;
			buildPhases = (
				4D9469211AA58E1E007297AC /* Sources */,
				4D9469221AA58E1E007297AC /* Frameworks */,
				4D9469231AA58E1E007297AC /* Resources */,
			);
			buildRules = (
			);
			dependencies = (
				4D9469271AA58E1E007297AC /* PBXTargetDependency */,
			);
			name = CookTimer2Tests;
			productName = CookTimer2Tests;
			productReference = 4D9469251AA58E1E007297AC /* CookTimer2Tests.xctest */;
			productType = "com.apple.product-type.bundle.unit-test";
		};
/* End PBXNativeTarget section */

/* Begin PBXProject section */
		4D9469051AA58E1E007297AC /* Project object */ = {
			isa = PBXProject;
			attributes = {
				LastUpgradeCheck = 0610;
				ORGANIZATIONNAME = KasumiIwamoto;
				TargetAttributes = {
					4D94690C1AA58E1E007297AC = {
						CreatedOnToolsVersion = 6.1.1;
					};
					4D9469241AA58E1E007297AC = {
						CreatedOnToolsVersion = 6.1.1;
						TestTargetID = 4D94690C1AA58E1E007297AC;
					};
				};
			};
			buildConfigurationList = 4D9469081AA58E1E007297AC /* Build configuration list for PBXProject "CookTimer2" */;
			compatibilityVersion = "Xcode 3.2";
			developmentRegion = English;
			hasScannedForEncodings = 0;
			knownRegions = (
				en,
				Base,
			);
			mainGroup = 4D9469041AA58E1E007297AC;
			productRefGroup = 4D94690E1AA58E1E007297AC /* Products */;
			projectDirPath = "";
			projectRoot = "";
			targets = (
				4D94690C1AA58E1E007297AC /* CookTimer2 */,
				4D9469241AA58E1E007297AC /* CookTimer2Tests */,
			);
		};
/* End PBXProject section */

/* Begin PBXResourcesBuildPhase section */
		4D94690B1AA58E1E007297AC /* Resources */ = {
			isa = PBXResourcesBuildPhase;
			buildActionMask = 2147483647;
			files = (
				4DD3B66D1AA5BCD7007D3550 /* WE030034_02_1280.jpg in Resources */,
				4D94691B1AA58E1E007297AC /* Main.storyboard in Resources */,
				4DE317691AA5B839001FD03D /* ボタン１ 18-31-58-129.jpg in Resources */,
				4DE317671AA5B839001FD03D /* カップラーメン 18-31-58-036.png in Resources */,
				4DD3B66F1AA5C9DA007D3550 /* うどん２-1.png in Resources */,
				4D9469201AA58E1E007297AC /* LaunchScreen.xib in Resources */,
				4DE317651AA5B839001FD03D /* うどん-２ 18-31-58-137.png in Resources */,
				4DE3176E1AA5B839001FD03D /* 猫 18-31-58-202.png in Resources */,
				4DE317661AA5B839001FD03D /* うどん２ 18-31-58-131.png in Resources */,
				4DE3176A1AA5B839001FD03D /* ボタン２ 18-31-58-174.jpg in Resources */,
				4DE317641AA5B839001FD03D /* うどん 18-31-58-126.png in Resources */,
				4D94691D1AA58E1E007297AC /* Images.xcassets in Resources */,
				4DE3176C1AA5B839001FD03D /* ラーメン 16.32.00 18-31-58-198.png in Resources */,
				4DD3B67B1AA738A4007D3550 /* つぎへ.png in Resources */,
				4DE317681AA5B839001FD03D /* タイトルに戻る.png in Resources */,
				4DE317621AA5B839001FD03D /* WE020119_02_1280.jpg in Resources */,
				4DE317631AA5B839001FD03D /* WE030183_02_1280.jpg in Resources */,
				4DE3176F1AA5B839001FD03D /* 文字 18-31-58-189.png in Resources */,
				4DE3176B1AA5B839001FD03D /* ボタン３ 18-31-58-200.jpg in Resources */,
				4DE3176D1AA5B839001FD03D /* 店完成２ 18-31-58-134.png in Resources */,
			);
			runOnlyForDeploymentPostprocessing = 0;
		};
		4D9469231AA58E1E007297AC /* Resources */ = {
			isa = PBXResourcesBuildPhase;
			buildActionMask = 2147483647;
			files = (
			);
			runOnlyForDeploymentPostprocessing = 0;
		};
/* End PBXResourcesBuildPhase section */

/* Begin PBXSourcesBuildPhase section */
		4D9469091AA58E1E007297AC /* Sources */ = {
			isa = PBXSourcesBuildPhase;
			buildActionMask = 2147483647;
			files = (
				4DD3B6751AA5DEE5007D3550 /* Movie4ViewController.swift in Sources */,
				4DD3B6771AA5DF03007D3550 /* Movie5ViewController.swift in Sources */,
				4D9469181AA58E1E007297AC /* ViewController.swift in Sources */,
				4D9469161AA58E1E007297AC /* CookTimer2.xcdatamodeld in Sources */,
				4D9469131AA58E1E007297AC /* AppDelegate.swift in Sources */,
				4D94695A1AA59760007297AC /* MovieViewController.swift in Sources */,
				4DD3B6791AA5DF2B007D3550 /* Movie6ViewController.swift in Sources */,
				4DD3B6711AA5DEAB007D3550 /* Movie2ViewController.swift in Sources */,
				4DD3B6731AA5DECB007D3550 /* Movie3ViewController.swift in Sources */,
			);
			runOnlyForDeploymentPostprocessing = 0;
		};
		4D9469211AA58E1E007297AC /* Sources */ = {
			isa = PBXSourcesBuildPhase;
			buildActionMask = 2147483647;
			files = (
				4D94692C1AA58E1E007297AC /* CookTimer2Tests.swift in Sources */,
			);
			runOnlyForDeploymentPostprocessing = 0;
		};
/* End PBXSourcesBuildPhase section */

/* Begin PBXTargetDependency section */
		4D9469271AA58E1E007297AC /* PBXTargetDependency */ = {
			isa = PBXTargetDependency;
			target = 4D94690C1AA58E1E007297AC /* CookTimer2 */;
			targetProxy = 4D9469261AA58E1E007297AC /* PBXContainerItemProxy */;
		};
/* End PBXTargetDependency section */

/* Begin PBXVariantGroup section */
		4D9469191AA58E1E007297AC /* Main.storyboard */ = {
			isa = PBXVariantGroup;
			children = (
				4D94691A1AA58E1E007297AC /* Base */,
			);
			name = Main.storyboard;
			sourceTree = "<group>";
		};
		4D94691E1AA58E1E007297AC /* LaunchScreen.xib */ = {
			isa = PBXVariantGroup;
			children = (
				4D94691F1AA58E1E007297AC /* Base */,
			);
			name = LaunchScreen.xib;
			sourceTree = "<group>";
		};
/* End PBXVariantGroup section */

/* Begin XCBuildConfiguration section */
		4D94692D1AA58E1E007297AC /* Debug */ = {
			isa = XCBuildConfiguration;
			buildSettings = {
				ALWAYS_SEARCH_USER_PATHS = NO;
				CLANG_CXX_LANGUAGE_STANDARD = "gnu++0x";
				CLANG_CXX_LIBRARY = "libc++";
				CLANG_ENABLE_MODULES = YES;
				CLANG_ENABLE_OBJC_ARC = YES;
				CLANG_WARN_BOOL_CONVERSION = YES;
				CLANG_WARN_CONSTANT_CONVERSION = YES;
				CLANG_WARN_DIRECT_OBJC_ISA_USAGE = YES_ERROR;
				CLANG_WARN_EMPTY_BODY = YES;
				CLANG_WARN_ENUM_CONVERSION = YES;
				CLANG_WARN_INT_CONVERSION = YES;
				CLANG_WARN_OBJC_ROOT_CLASS = YES_ERROR;
				CLANG_WARN_UNREACHABLE_CODE = YES;
				CLANG_WARN__DUPLICATE_METHOD_MATCH = YES;
				"CODE_SIGN_IDENTITY[sdk=iphoneos*]" = "iPhone Developer";
				COPY_PHASE_STRIP = NO;
				ENABLE_STRICT_OBJC_MSGSEND = YES;
				GCC_C_LANGUAGE_STANDARD = gnu99;
				GCC_DYNAMIC_NO_PIC = NO;
				GCC_OPTIMIZATION_LEVEL = 0;
				GCC_PREPROCESSOR_DEFINITIONS = (
					"DEBUG=1",
					"$(inherited)",
				);
				GCC_SYMBOLS_PRIVATE_EXTERN = NO;
				GCC_WARN_64_TO_32_BIT_CONVERSION = YES;
				GCC_WARN_ABOUT_RETURN_TYPE = YES_ERROR;
				GCC_WARN_UNDECLARED_SELECTOR = YES;
				GCC_WARN_UNINITIALIZED_AUTOS = YES_AGGRESSIVE;
				GCC_WARN_UNUSED_FUNCTION = YES;
				GCC_WARN_UNUSED_VARIABLE = YES;
				IPHONEOS_DEPLOYMENT_TARGET = 8.1;
				MTL_ENABLE_DEBUG_INFO = YES;
				ONLY_ACTIVE_ARCH = YES;
				SDKROOT = iphoneos;
				SWIFT_OPTIMIZATION_LEVEL = "-Onone";
			};
			name = Debug;
		};
		4D94692E1AA58E1E007297AC /* Release */ = {
			isa = XCBuildConfiguration;
			buildSettings = {
				ALWAYS_SEARCH_USER_PATHS = NO;
				CLANG_CXX_LANGUAGE_STANDARD = "gnu++0x";
				CLANG_CXX_LIBRARY = "libc++";
				CLANG_ENABLE_MODULES = YES;
				CLANG_ENABLE_OBJC_ARC = YES;
				CLANG_WARN_BOOL_CONVERSION = YES;
				CLANG_WARN_CONSTANT_CONVERSION = YES;
				CLANG_WARN_DIRECT_OBJC_ISA_USAGE = YES_ERROR;
				CLANG_WARN_EMPTY_BODY = YES;
				CLANG_WARN_ENUM_CONVERSION = YES;
				CLANG_WARN_INT_CONVERSION = YES;
				CLANG_WARN_OBJC_ROOT_CLASS = YES_ERROR;
				CLANG_WARN_UNREACHABLE_CODE = YES;
				CLANG_WARN__DUPLICATE_METHOD_MATCH = YES;
				"CODE_SIGN_IDENTITY[sdk=iphoneos*]" = "iPhone Developer";
				COPY_PHASE_STRIP = YES;
				ENABLE_NS_ASSERTIONS = NO;
				ENABLE_STRICT_OBJC_MSGSEND = YES;
				GCC_C_LANGUAGE_STANDARD = gnu99;
				GCC_WARN_64_TO_32_BIT_CONVERSION = YES;
				GCC_WARN_ABOUT_RETURN_TYPE = YES_ERROR;
				GCC_WARN_UNDECLARED_SELECTOR = YES;
				GCC_WARN_UNINITIALIZED_AUTOS = YES_AGGRESSIVE;
				GCC_WARN_UNUSED_FUNCTION = YES;
				GCC_WARN_UNUSED_VARIABLE = YES;
				IPHONEOS_DEPLOYMENT_TARGET = 8.1;
				MTL_ENABLE_DEBUG_INFO = NO;
				SDKROOT = iphoneos;
				VALIDATE_PRODUCT = YES;
			};
			name = Release;
		};
		4D9469301AA58E1E007297AC /* Debug */ = {
			isa = XCBuildConfiguration;
			buildSettings = {
				ASSETCATALOG_COMPILER_APPICON_NAME = AppIcon;
				INFOPLIST_FILE = CookTimer2/Info.plist;
				LD_RUNPATH_SEARCH_PATHS = "$(inherited) @executable_path/Frameworks";
				PRODUCT_NAME = "$(TARGET_NAME)";
			};
			name = Debug;
		};
		4D9469311AA58E1E007297AC /* Release */ = {
			isa = XCBuildConfiguration;
			buildSettings = {
				ASSETCATALOG_COMPILER_APPICON_NAME = AppIcon;
				INFOPLIST_FILE = CookTimer2/Info.plist;
				LD_RUNPATH_SEARCH_PATHS = "$(inherited) @executable_path/Frameworks";
				PRODUCT_NAME = "$(TARGET_NAME)";
			};
			name = Release;
		};
		4D9469331AA58E1E007297AC /* Debug */ = {
			isa = XCBuildConfiguration;
			buildSettings = {
				BUNDLE_LOADER = "$(TEST_HOST)";
				FRAMEWORK_SEARCH_PATHS = (
					"$(SDKROOT)/Developer/Library/Frameworks",
					"$(inherited)",
				);
				GCC_PREPROCESSOR_DEFINITIONS = (
					"DEBUG=1",
					"$(inherited)",
				);
				INFOPLIST_FILE = CookTimer2Tests/Info.plist;
				LD_RUNPATH_SEARCH_PATHS = "$(inherited) @executable_path/Frameworks @loader_path/Frameworks";
				PRODUCT_NAME = "$(TARGET_NAME)";
				TEST_HOST = "$(BUILT_PRODUCTS_DIR)/CookTimer2.app/CookTimer2";
			};
			name = Debug;
		};
		4D9469341AA58E1E007297AC /* Release */ = {
			isa = XCBuildConfiguration;
			buildSettings = {
				BUNDLE_LOADER = "$(TEST_HOST)";
				FRAMEWORK_SEARCH_PATHS = (
					"$(SDKROOT)/Developer/Library/Frameworks",
					"$(inherited)",
				);
				INFOPLIST_FILE = CookTimer2Tests/Info.plist;
				LD_RUNPATH_SEARCH_PATHS = "$(inherited) @executable_path/Frameworks @loader_path/Frameworks";
				PRODUCT_NAME = "$(TARGET_NAME)";
				TEST_HOST = "$(BUILT_PRODUCTS_DIR)/CookTimer2.app/CookTimer2";
			};
			name = Release;
		};
/* End XCBuildConfiguration section */

/* Begin XCConfigurationList section */
		4D9469081AA58E1E007297AC /* Build configuration list for PBXProject "CookTimer2" */ = {
			isa = XCConfigurationList;
			buildConfigurations = (
				4D94692D1AA58E1E007297AC /* Debug */,
				4D94692E1AA58E1E007297AC /* Release */,
			);
			defaultConfigurationIsVisible = 0;
			defaultConfigurationName = Release;
		};
		4D94692F1AA58E1E007297AC /* Build configuration list for PBXNativeTarget "CookTimer2" */ = {
			isa = XCConfigurationList;
			buildConfigurations = (
				4D9469301AA58E1E007297AC /* Debug */,
				4D9469311AA58E1E007297AC /* Release */,
			);
			defaultConfigurationIsVisible = 0;
			defaultConfigurationName = Release;
		};
		4D9469321AA58E1E007297AC /* Build configuration list for PBXNativeTarget "CookTimer2Tests" */ = {
			isa = XCConfigurationList;
			buildConfigurations = (
				4D9469331AA58E1E007297AC /* Debug */,
				4D9469341AA58E1E007297AC /* Release */,
			);
			defaultConfigurationIsVisible = 0;
			defaultConfigurationName = Release;
		};
/* End XCConfigurationList section */

/* Begin XCVersionGroup section */
		4D9469141AA58E1E007297AC /* CookTimer2.xcdatamodeld */ = {
			isa = XCVersionGroup;
			children = (
				4D9469151AA58E1E007297AC /* CookTimer2.xcdatamodel */,
			);
			currentVersion = 4D9469151AA58E1E007297AC /* CookTimer2.xcdatamodel */;
			path = CookTimer2.xcdatamodeld;
			sourceTree = "<group>";
			versionGroupType = wrapper.xcdatamodel;
		};
/* End XCVersionGroup section */
	};
	rootObject = 4D9469051AA58E1E007297AC /* Project object */;
}
